
Microsoft Visual Studio Solution File, Format Version 12.00
# Visual Studio Version 17
VisualStudioVersion = 17.0.32014.148
MinimumVisualStudioVersion = 10.0.40219.1
Project("{8BC9CEB8-8B4A-11D0-8D11-00A0C91BC942}") = "sanke game 1", "sanke game 1\sanke game 1.vcxproj", "{A9F46677-3F31-4958-8EDE-B714245D488C}"
EndProject
Global
	GlobalSection(SolutionConfigurationPlatforms) = preSolution
		Debug|x64 = Debug|x64
		Debug|x86 = Debug|x86
		Release|x64 = Release|x64
		Release|x86 = Release|x86
	EndGlobalSection
	GlobalSection(ProjectConfigurationPlatforms) = postSolution
		{A9F46677-3F31-4958-8EDE-B714245D488C}.Debug|x64.ActiveCfg = Debug|x64
		{A9F46677-3F31-4958-8EDE-B714245D488C}.Debug|x64.Build.0 = Debug|x64
		{A9F46677-3F31-4958-8EDE-B714245D488C}.Debug|x86.ActiveCfg = Debug|Win32
		{A9F46677-3F31-4958-8EDE-B714245D488C}.Debug|x86.Build.0 = Debug|Win32
		{A9F46677-3F31-4958-8EDE-B714245D488C}.Release|x64.ActiveCfg = Release|x64
		{A9F46677-3F31-4958-8EDE-B714245D488C}.Release|x64.Build.0 = Release|x64
		{A9F46677-3F31-4958-8EDE-B714245D488C}.Release|x86.ActiveCfg = Release|Win32
		{A9F46677-3F31-4958-8EDE-B714245D488C}.Release|x86.Build.0 = Release|Win32
	EndGlobalSection
	GlobalSection(SolutionProperties) = preSolution
		HideSolutionNode = FALSE
	EndGlobalSection
	GlobalSection(ExtensibilityGlobals) = postSolution
		SolutionGuid = {D0B1631C-2C4C-4121-B164-F5CEBC381BCE}
	EndGlobalSection
EndGlobal
